// !$*UTF8*$!
{
	archiveVersion = 1;
	classes = {
	};
	objectVersion = 46;
	objects = {

/* Begin PBXBuildFile section */
		065BB8A41A126A660017D8CD /* Foundation.framework in Frameworks */ = {isa = PBXBuildFile; fileRef = 065BB8A31A126A660017D8CD /* Foundation.framework */; };
		065BB8A61A126A660017D8CD /* CoreGraphics.framework in Frameworks */ = {isa = PBXBuildFile; fileRef = 065BB8A51A126A660017D8CD /* CoreGraphics.framework */; };
		065BB8A81A126A660017D8CD /* UIKit.framework in Frameworks */ = {isa = PBXBuildFile; fileRef = 065BB8A71A126A660017D8CD /* UIKit.framework */; };
		065BB8AE1A126A660017D8CD /* InfoPlist.strings in Resources */ = {isa = PBXBuildFile; fileRef = 065BB8AC1A126A660017D8CD /* InfoPlist.strings */; };
		065BB8B01A126A660017D8CD /* main.m in Sources */ = {isa = PBXBuildFile; fileRef = 065BB8AF1A126A660017D8CD /* main.m */; };
		065BB8B41A126A670017D8CD /* LNAppDelegate.m in Sources */ = {isa = PBXBuildFile; fileRef = 065BB8B31A126A670017D8CD /* LNAppDelegate.m */; };
		065BB8B71A126A670017D8CD /* Main.storyboard in Resources */ = {isa = PBXBuildFile; fileRef = 065BB8B51A126A670017D8CD /* Main.storyboard */; };
		065BB8BA1A126A670017D8CD /* LNViewController.m in Sources */ = {isa = PBXBuildFile; fileRef = 065BB8B91A126A670017D8CD /* LNViewController.m */; };
		065BB8BC1A126A670017D8CD /* Images.xcassets in Resources */ = {isa = PBXBuildFile; fileRef = 065BB8BB1A126A670017D8CD /* Images.xcassets */; };
		065BB8C31A126A670017D8CD /* XCTest.framework in Frameworks */ = {isa = PBXBuildFile; fileRef = 065BB8C21A126A670017D8CD /* XCTest.framework */; };
		065BB8C41A126A670017D8CD /* Foundation.framework in Frameworks */ = {isa = PBXBuildFile; fileRef = 065BB8A31A126A660017D8CD /* Foundation.framework */; };
		065BB8C51A126A670017D8CD /* UIKit.framework in Frameworks */ = {isa = PBXBuildFile; fileRef = 065BB8A71A126A660017D8CD /* UIKit.framework */; };
		065BB8CD1A126A670017D8CD /* InfoPlist.strings in Resources */ = {isa = PBXBuildFile; fileRef = 065BB8CB1A126A670017D8CD /* InfoPlist.strings */; };
		065BB8CF1A126A670017D8CD /* Man_s_Best_FriendTests.m in Sources */ = {isa = PBXBuildFile; fileRef = 065BB8CE1A126A670017D8CD /* Man_s_Best_FriendTests.m */; };
		065BB8DA1A126CB40017D8CD /* LNDog.m in Sources */ = {isa = PBXBuildFile; fileRef = 065BB8D91A126CB40017D8CD /* LNDog.m */; };
		06A528161A13DCE600380D76 /* St.Bernard.jpg in Resources */ = {isa = PBXBuildFile; fileRef = 06A528151A13DCE600380D76 /* St.Bernard.jpg */; };
		06A5281A1A14086C00380D76 /* Collie.jpg in Resources */ = {isa = PBXBuildFile; fileRef = 06A528171A14086C00380D76 /* Collie.jpg */; };
		06A5281B1A14086C00380D76 /* Greyhound.jpg in Resources */ = {isa = PBXBuildFile; fileRef = 06A528181A14086C00380D76 /* Greyhound.jpg */; };
		06A69B9B1A150384005DBBA3 /* LNPupy.m in Sources */ = {isa = PBXBuildFile; fileRef = 06A69B9A1A150384005DBBA3 /* LNPupy.m */; };
		06A69B9D1A1508C4005DBBA3 /* Bo.jpeg in Resources */ = {isa = PBXBuildFile; fileRef = 06A69B9C1A1508C4005DBBA3 /* Bo.jpeg */; };
		06B497F61A14CCEB000EB0EC /* JackRussellTerrier.jpg in Resources */ = {isa = PBXBuildFile; fileRef = 06B497F51A14CCEB000EB0EC /* JackRussellTerrier.jpg */; };
/* End PBXBuildFile section */

/* Begin PBXContainerItemProxy section */
		065BB8C61A126A670017D8CD /* PBXContainerItemProxy */ = {
			isa = PBXContainerItemProxy;
			containerPortal = 065BB8981A126A660017D8CD /* Project object */;
			proxyType = 1;
			remoteGlobalIDString = 065BB89F1A126A660017D8CD;
			remoteInfo = "Man's Best Friend";
		};
/* End PBXContainerItemProxy section */

/* Begin PBXFileReference section */
		065BB8A01A126A660017D8CD /* Man's Best Friend.app */ = {isa = PBXFileReference; explicitFileType = wrapper.application; includeInIndex = 0; path = "Man's Best Friend.app"; sourceTree = BUILT_PRODUCTS_DIR; };
		065BB8A31A126A660017D8CD /* Foundation.framework */ = {isa = PBXFileReference; lastKnownFileType = wrapper.framework; name = Foundation.framework; path = System/Library/Frameworks/Foundation.framework; sourceTree = SDKROOT; };
		065BB8A51A126A660017D8CD /* CoreGraphics.framework */ = {isa = PBXFileReference; lastKnownFileType = wrapper.framework; name = CoreGraphics.framework; path = System/Library/Frameworks/CoreGraphics.framework; sourceTree = SDKROOT; };
		065BB8A71A126A660017D8CD /* UIKit.framework */ = {isa = PBXFileReference; lastKnownFileType = wrapper.framework; name = UIKit.framework; path = System/Library/Frameworks/UIKit.framework; sourceTree = SDKROOT; };
		065BB8AB1A126A660017D8CD /* Man's Best Friend-Info.plist */ = {isa = PBXFileReference; lastKnownFileType = text.plist.xml; path = "Man's Best Friend-Info.plist"; sourceTree = "<group>"; };
		065BB8AD1A126A660017D8CD /* en */ = {isa = PBXFileReference; lastKnownFileType = text.plist.strings; name = en; path = en.lproj/InfoPlist.strings; sourceTree = "<group>"; };
		065BB8AF1A126A660017D8CD /* main.m */ = {isa = PBXFileReference; lastKnownFileType = sourcecode.c.objc; path = main.m; sourceTree = "<group>"; };
		065BB8B11A126A660017D8CD /* Man's Best Friend-Prefix.pch */ = {isa = PBXFileReference; lastKnownFileType = sourcecode.c.h; path = "Man's Best Friend-Prefix.pch"; sourceTree = "<group>"; };
		065BB8B21A126A660017D8CD /* LNAppDelegate.h */ = {isa = PBXFileReference; lastKnownFileType = sourcecode.c.h; path = LNAppDelegate.h; sourceTree = "<group>"; };
		065BB8B31A126A670017D8CD /* LNAppDelegate.m */ = {isa = PBXFileReference; lastKnownFileType = sourcecode.c.objc; path = LNAppDelegate.m; sourceTree = "<group>"; };
		065BB8B61A126A670017D8CD /* Base */ = {isa = PBXFileReference; lastKnownFileType = file.storyboard; name = Base; path = Base.lproj/Main.storyboard; sourceTree = "<group>"; };
		065BB8B81A126A670017D8CD /* LNViewController.h */ = {isa = PBXFileReference; lastKnownFileType = sourcecode.c.h; path = LNViewController.h; sourceTree = "<group>"; };
		065BB8B91A126A670017D8CD /* LNViewController.m */ = {isa = PBXFileReference; lastKnownFileType = sourcecode.c.objc; path = LNViewController.m; sourceTree = "<group>"; };
		065BB8BB1A126A670017D8CD /* Images.xcassets */ = {isa = PBXFileReference; lastKnownFileType = folder.assetcatalog; path = Images.xcassets; sourceTree = "<group>"; };
		065BB8C11A126A670017D8CD /* Man's Best FriendTests.xctest */ = {isa = PBXFileReference; explicitFileType = wrapper.cfbundle; includeInIndex = 0; path = "Man's Best FriendTests.xctest"; sourceTree = BUILT_PRODUCTS_DIR; };
		065BB8C21A126A670017D8CD /* XCTest.framework */ = {isa = PBXFileReference; lastKnownFileType = wrapper.framework; name = XCTest.framework; path = Library/Frameworks/XCTest.framework; sourceTree = DEVELOPER_DIR; };
		065BB8CA1A126A670017D8CD /* Man's Best FriendTests-Info.plist */ = {isa = PBXFileReference; lastKnownFileType = text.plist.xml; path = "Man's Best FriendTests-Info.plist"; sourceTree = "<group>"; };
		065BB8CC1A126A670017D8CD /* en */ = {isa = PBXFileReference; lastKnownFileType = text.plist.strings; name = en; path = en.lproj/InfoPlist.strings; sourceTree = "<group>"; };
		065BB8CE1A126A670017D8CD /* Man_s_Best_FriendTests.m */ = {isa = PBXFileReference; lastKnownFileType = sourcecode.c.objc; path = Man_s_Best_FriendTests.m; sourceTree = "<group>"; };
		065BB8D81A126CB40017D8CD /* LNDog.h */ = {isa = PBXFileReference; fileEncoding = 4; lastKnownFileType = sourcecode.c.h; name = LNDog.h; path = ../LNDog.h; sourceTree = "<group>"; };
		065BB8D91A126CB40017D8CD /* LNDog.m */ = {isa = PBXFileReference; fileEncoding = 4; lastKnownFileType = sourcecode.c.objc; name = LNDog.m; path = ../LNDog.m; sourceTree = "<group>"; };
		06A528151A13DCE600380D76 /* St.Bernard.jpg */ = {isa = PBXFileReference; lastKnownFileType = image.jpeg; path = St.Bernard.jpg; sourceTree = "<group>"; };
		06A528171A14086C00380D76 /* Collie.jpg */ = {isa = PBXFileReference; lastKnownFileType = image.jpeg; path = Collie.jpg; sourceTree = "<group>"; };
		06A528181A14086C00380D76 /* Greyhound.jpg */ = {isa = PBXFileReference; lastKnownFileType = image.jpeg; path = Greyhound.jpg; sourceTree = "<group>"; };
		06A69B991A150384005DBBA3 /* LNPupy.h */ = {isa = PBXFileReference; fileEncoding = 4; lastKnownFileType = sourcecode.c.h; path = LNPupy.h; sourceTree = "<group>"; };
		06A69B9A1A150384005DBBA3 /* LNPupy.m */ = {isa = PBXFileReference; fileEncoding = 4; lastKnownFileType = sourcecode.c.objc; path = LNPupy.m; sourceTree = "<group>"; };
		06A69B9C1A1508C4005DBBA3 /* Bo.jpeg */ = {isa = PBXFileReference; lastKnownFileType = image.jpeg; path = Bo.jpeg; sourceTree = "<group>"; };
		06B497F51A14CCEB000EB0EC /* JackRussellTerrier.jpg */ = {isa = PBXFileReference; lastKnownFileType = image.jpeg; path = JackRussellTerrier.jpg; sourceTree = "<group>"; };
/* End PBXFileReference section */

/* Begin PBXFrameworksBuildPhase section */
		065BB89D1A126A660017D8CD /* Frameworks */ = {
			isa = PBXFrameworksBuildPhase;
			buildActionMask = 2147483647;
			files = (
				065BB8A61A126A660017D8CD /* CoreGraphics.framework in Frameworks */,
				065BB8A81A126A660017D8CD /* UIKit.framework in Frameworks */,
				065BB8A41A126A660017D8CD /* Foundation.framework in Frameworks */,
			);
			runOnlyForDeploymentPostprocessing = 0;
		};
		065BB8BE1A126A670017D8CD /* Frameworks */ = {
			isa = PBXFrameworksBuildPhase;
			buildActionMask = 2147483647;
			files = (
				065BB8C31A126A670017D8CD /* XCTest.framework in Frameworks */,
				065BB8C51A126A670017D8CD /* UIKit.framework in Frameworks */,
				065BB8C41A126A670017D8CD /* Foundation.framework in Frameworks */,
			);
			runOnlyForDeploymentPostprocessing = 0;
		};
/* End PBXFrameworksBuildPhase section */

/* Begin PBXGroup section */
		065BB8971A126A660017D8CD = {
			isa = PBXGroup;
			children = (
				065BB8A91A126A660017D8CD /* Man's Best Friend */,
				065BB8C81A126A670017D8CD /* Man's Best FriendTests */,
				065BB8A21A126A660017D8CD /* Frameworks */,
				065BB8A11A126A660017D8CD /* Products */,
			);
			sourceTree = "<group>";
		};
		065BB8A11A126A660017D8CD /* Products */ = {
			isa = PBXGroup;
			children = (
				065BB8A01A126A660017D8CD /* Man's Best Friend.app */,
				065BB8C11A126A670017D8CD /* Man's Best FriendTests.xctest */,
			);
			name = Products;
			sourceTree = "<group>";
		};
		065BB8A21A126A660017D8CD /* Frameworks */ = {
			isa = PBXGroup;
			children = (
				065BB8A31A126A660017D8CD /* Foundation.framework */,
				065BB8A51A126A660017D8CD /* CoreGraphics.framework */,
				065BB8A71A126A660017D8CD /* UIKit.framework */,
				065BB8C21A126A670017D8CD /* XCTest.framework */,
			);
			name = Frameworks;
			sourceTree = "<group>";
		};
		065BB8A91A126A660017D8CD /* Man's Best Friend */ = {
			isa = PBXGroup;
			children = (
				065BB8B21A126A660017D8CD /* LNAppDelegate.h */,
				065BB8B31A126A670017D8CD /* LNAppDelegate.m */,
				065BB8B51A126A670017D8CD /* Main.storyboard */,
				065BB8B81A126A670017D8CD /* LNViewController.h */,
				065BB8B91A126A670017D8CD /* LNViewController.m */,
				065BB8D91A126CB40017D8CD /* LNDog.m */,
				065BB8D81A126CB40017D8CD /* LNDog.h */,
				06A69B991A150384005DBBA3 /* LNPupy.h */,
				06A69B9A1A150384005DBBA3 /* LNPupy.m */,
				065BB8BB1A126A670017D8CD /* Images.xcassets */,
				065BB8AA1A126A660017D8CD /* Supporting Files */,
			);
			path = "Man's Best Friend";
			sourceTree = "<group>";
		};
		065BB8AA1A126A660017D8CD /* Supporting Files */ = {
			isa = PBXGroup;
			children = (
				06A69B9C1A1508C4005DBBA3 /* Bo.jpeg */,
				06B497F51A14CCEB000EB0EC /* JackRussellTerrier.jpg */,
				06A528171A14086C00380D76 /* Collie.jpg */,
				06A528181A14086C00380D76 /* Greyhound.jpg */,
				06A528151A13DCE600380D76 /* St.Bernard.jpg */,
				065BB8AB1A126A660017D8CD /* Man's Best Friend-Info.plist */,
				065BB8AC1A126A660017D8CD /* InfoPlist.strings */,
				065BB8AF1A126A660017D8CD /* main.m */,
				065BB8B11A126A660017D8CD /* Man's Best Friend-Prefix.pch */,
			);
			name = "Supporting Files";
			sourceTree = "<group>";
		};
		065BB8C81A126A670017D8CD /* Man's Best FriendTests */ = {
			isa = PBXGroup;
			children = (
				065BB8CE1A126A670017D8CD /* Man_s_Best_FriendTests.m */,
				065BB8C91A126A670017D8CD /* Supporting Files */,
			);
			path = "Man's Best FriendTests";
			sourceTree = "<group>";
		};
		065BB8C91A126A670017D8CD /* Supporting Files */ = {
			isa = PBXGroup;
			children = (
				065BB8CA1A126A670017D8CD /* Man's Best FriendTests-Info.plist */,
				065BB8CB1A126A670017D8CD /* InfoPlist.strings */,
			);
			name = "Supporting Files";
			sourceTree = "<group>";
		};
/* End PBXGroup section */

/* Begin PBXNativeTarget section */
		065BB89F1A126A660017D8CD /* Man's Best Friend */ = {
			isa = PBXNativeTarget;
			buildConfigurationList = 065BB8D21A126A670017D8CD /* Build configuration list for PBXNativeTarget "Man's Best Friend" */;
			buildPhases = (
				065BB89C1A126A660017D8CD /* Sources */,
				065BB89D1A126A660017D8CD /* Frameworks */,
				065BB89E1A126A660017D8CD /* Resources */,
			);
			buildRules = (
			);
			dependencies = (
			);
			name = "Man's Best Friend";
			productName = "Man's Best Friend";
			productReference = 065BB8A01A126A660017D8CD /* Man's Best Friend.app */;
			productType = "com.apple.product-type.application";
		};
		065BB8C01A126A670017D8CD /* Man's Best FriendTests */ = {
			isa = PBXNativeTarget;
			buildConfigurationList = 065BB8D51A126A670017D8CD /* Build configuration list for PBXNativeTarget "Man's Best FriendTests" */;
			buildPhases = (
				065BB8BD1A126A670017D8CD /* Sources */,
				065BB8BE1A126A670017D8CD /* Frameworks */,
				065BB8BF1A126A670017D8CD /* Resources */,
			);
			buildRules = (
			);
			dependencies = (
				065BB8C71A126A670017D8CD /* PBXTargetDependency */,
			);
			name = "Man's Best FriendTests";
			productName = "Man's Best FriendTests";
			productReference = 065BB8C11A126A670017D8CD /* Man's Best FriendTests.xctest */;
			productType = "com.apple.product-type.bundle.unit-test";
		};
/* End PBXNativeTarget section */

/* Begin PBXProject section */
		065BB8981A126A660017D8CD /* Project object */ = {
			isa = PBXProject;
			attributes = {
				CLASSPREFIX = LN;
				LastUpgradeCheck = 0510;
				ORGANIZATIONNAME = Liner;
				TargetAttributes = {
					065BB8C01A126A670017D8CD = {
						TestTargetID = 065BB89F1A126A660017D8CD;
					};
				};
			};
			buildConfigurationList = 065BB89B1A126A660017D8CD /* Build configuration list for PBXProject "Man's Best Friend" */;
			compatibilityVersion = "Xcode 3.2";
			developmentRegion = English;
			hasScannedForEncodings = 0;
			knownRegions = (
				en,
				Base,
			);
			mainGroup = 065BB8971A126A660017D8CD;
			productRefGroup = 065BB8A11A126A660017D8CD /* Products */;
			projectDirPath = "";
			projectRoot = "";
			targets = (
				065BB89F1A126A660017D8CD /* Man's Best Friend */,
				065BB8C01A126A670017D8CD /* Man's Best FriendTests */,
			);
		};
/* End PBXProject section */

/* Begin PBXResourcesBuildPhase section */
		065BB89E1A126A660017D8CD /* Resources */ = {
			isa = PBXResourcesBuildPhase;
			buildActionMask = 2147483647;
			files = (
				06A5281A1A14086C00380D76 /* Collie.jpg in Resources */,
				06A5281B1A14086C00380D76 /* Greyhound.jpg in Resources */,
				06A528161A13DCE600380D76 /* St.Bernard.jpg in Resources */,
				065BB8BC1A126A670017D8CD /* Images.xcassets in Resources */,
				06A69B9D1A1508C4005DBBA3 /* Bo.jpeg in Resources */,
				065BB8AE1A126A660017D8CD /* InfoPlist.strings in Resources */,
				06B497F61A14CCEB000EB0EC /* JackRussellTerrier.jpg in Resources */,
				065BB8B71A126A670017D8CD /* Main.storyboard in Resources */,
			);
			runOnlyForDeploymentPostprocessing = 0;
		};
		065BB8BF1A126A670017D8CD /* Resources */ = {
			isa = PBXResourcesBuildPhase;
			buildActionMask = 2147483647;
			files = (
				065BB8CD1A126A670017D8CD /* InfoPlist.strings in Resources */,
			);
			runOnlyForDeploymentPostprocessing = 0;
		};
/* End PBXResourcesBuildPhase section */

/* Begin PBXSourcesBuildPhase section */
		065BB89C1A126A660017D8CD /* Sources */ = {
			isa = PBXSourcesBuildPhase;
			buildActionMask = 2147483647;
			files = (
				065BB8B41A126A670017D8CD /* LNAppDelegate.m in Sources */,
				06A69B9B1A150384005DBBA3 /* LNPupy.m in Sources */,
				065BB8B01A126A660017D8CD /* main.m in Sources */,
				065BB8DA1A126CB40017D8CD /* LNDog.m in Sources */,
				065BB8BA1A126A670017D8CD /* LNViewController.m in Sources */,
			);
			runOnlyForDeploymentPostprocessing = 0;
		};
		065BB8BD1A126A670017D8CD /* Sources */ = {
			isa = PBXSourcesBuildPhase;
			buildActionMask = 2147483647;
			files = (
				065BB8CF1A126A670017D8CD /* Man_s_Best_FriendTests.m in Sources */,
			);
			runOnlyForDeploymentPostprocessing = 0;
		};
/* End PBXSourcesBuildPhase section */

/* Begin PBXTargetDependency section */
		065BB8C71A126A670017D8CD /* PBXTargetDependency */ = {
			isa = PBXTargetDependency;
			target = 065BB89F1A126A660017D8CD /* Man's Best Friend */;
			targetProxy = 065BB8C61A126A670017D8CD /* PBXContainerItemProxy */;
		};
/* End PBXTargetDependency section */

/* Begin PBXVariantGroup section */
		065BB8AC1A126A660017D8CD /* InfoPlist.strings */ = {
			isa = PBXVariantGroup;
			children = (
				065BB8AD1A126A660017D8CD /* en */,
			);
			name = InfoPlist.strings;
			sourceTree = "<group>";
		};
		065BB8B51A126A670017D8CD /* Main.storyboard */ = {
			isa = PBXVariantGroup;
			children = (
				065BB8B61A126A670017D8CD /* Base */,
			);
			name = Main.storyboard;
			sourceTree = "<group>";
		};
		065BB8CB1A126A670017D8CD /* InfoPlist.strings */ = {
			isa = PBXVariantGroup;
			children = (
				065BB8CC1A126A670017D8CD /* en */,
			);
			name = InfoPlist.strings;
			sourceTree = "<group>";
		};
/* End PBXVariantGroup section */

/* Begin XCBuildConfiguration section */
		065BB8D01A126A670017D8CD /* Debug */ = {
			isa = XCBuildConfiguration;
			buildSettings = {
				ALWAYS_SEARCH_USER_PATHS = NO;
				CLANG_CXX_LANGUAGE_STANDARD = "gnu++0x";
				CLANG_CXX_LIBRARY = "libc++";
				CLANG_ENABLE_MODULES = YES;
				CLANG_ENABLE_OBJC_ARC = YES;
				CLANG_WARN_BOOL_CONVERSION = YES;
				CLANG_WARN_CONSTANT_CONVERSION = YES;
				CLANG_WARN_DIRECT_OBJC_ISA_USAGE = YES_ERROR;
				CLANG_WARN_EMPTY_BODY = YES;
				CLANG_WARN_ENUM_CONVERSION = YES;
				CLANG_WARN_INT_CONVERSION = YES;
				CLANG_WARN_OBJC_ROOT_CLASS = YES_ERROR;
				CLANG_WARN__DUPLICATE_METHOD_MATCH = YES;
				"CODE_SIGN_IDENTITY[sdk=iphoneos*]" = "iPhone Developer";
				COPY_PHASE_STRIP = NO;
				GCC_C_LANGUAGE_STANDARD = gnu99;
				GCC_DYNAMIC_NO_PIC = NO;
				GCC_OPTIMIZATION_LEVEL = 0;
				GCC_PREPROCESSOR_DEFINITIONS = (
					"DEBUG=1",
					"$(inherited)",
				);
				GCC_SYMBOLS_PRIVATE_EXTERN = NO;
				GCC_WARN_64_TO_32_BIT_CONVERSION = YES;
				GCC_WARN_ABOUT_RETURN_TYPE = YES_ERROR;
				GCC_WARN_UNDECLARED_SELECTOR = YES;
				GCC_WARN_UNINITIALIZED_AUTOS = YES_AGGRESSIVE;
				GCC_WARN_UNUSED_FUNCTION = YES;
				GCC_WARN_UNUSED_VARIABLE = YES;
				IPHONEOS_DEPLOYMENT_TARGET = 7.1;
				ONLY_ACTIVE_ARCH = YES;
				SDKROOT = iphoneos;
			};
			name = Debug;
		};
		065BB8D11A126A670017D8CD /* Release */ = {
			isa = XCBuildConfiguration;
			buildSettings = {
				ALWAYS_SEARCH_USER_PATHS = NO;
				CLANG_CXX_LANGUAGE_STANDARD = "gnu++0x";
				CLANG_CXX_LIBRARY = "libc++";
				CLANG_ENABLE_MODULES = YES;
				CLANG_ENABLE_OBJC_ARC = YES;
				CLANG_WARN_BOOL_CONVERSION = YES;
				CLANG_WARN_CONSTANT_CONVERSION = YES;
				CLANG_WARN_DIRECT_OBJC_ISA_USAGE = YES_ERROR;
				CLANG_WARN_EMPTY_BODY = YES;
				CLANG_WARN_ENUM_CONVERSION = YES;
				CLANG_WARN_INT_CONVERSION = YES;
				CLANG_WARN_OBJC_ROOT_CLASS = YES_ERROR;
				CLANG_WARN__DUPLICATE_METHOD_MATCH = YES;
				"CODE_SIGN_IDENTITY[sdk=iphoneos*]" = "iPhone Developer";
				COPY_PHASE_STRIP = YES;
				ENABLE_NS_ASSERTIONS = NO;
				GCC_C_LANGUAGE_STANDARD = gnu99;
				GCC_WARN_64_TO_32_BIT_CONVERSION = YES;
				GCC_WARN_ABOUT_RETURN_TYPE = YES_ERROR;
				GCC_WARN_UNDECLARED_SELECTOR = YES;
				GCC_WARN_UNINITIALIZED_AUTOS = YES_AGGRESSIVE;
				GCC_WARN_UNUSED_FUNCTION = YES;
				GCC_WARN_UNUSED_VARIABLE = YES;
				IPHONEOS_DEPLOYMENT_TARGET = 7.1;
				SDKROOT = iphoneos;
				VALIDATE_PRODUCT = YES;
			};
			name = Release;
		};
		065BB8D31A126A670017D8CD /* Debug */ = {
			isa = XCBuildConfiguration;
			buildSettings = {
				ASSETCATALOG_COMPILER_APPICON_NAME = AppIcon;
				ASSETCATALOG_COMPILER_LAUNCHIMAGE_NAME = LaunchImage;
				GCC_PRECOMPILE_PREFIX_HEADER = YES;
				GCC_PREFIX_HEADER = "Man's Best Friend/Man's Best Friend-Prefix.pch";
				INFOPLIST_FILE = "Man's Best Friend/Man's Best Friend-Info.plist";
				PRODUCT_NAME = "$(TARGET_NAME)";
				WRAPPER_EXTENSION = app;
			};
			name = Debug;
		};
		065BB8D41A126A670017D8CD /* Release */ = {
			isa = XCBuildConfiguration;
			buildSettings = {
				ASSETCATALOG_COMPILER_APPICON_NAME = AppIcon;
				ASSETCATALOG_COMPILER_LAUNCHIMAGE_NAME = LaunchImage;
				GCC_PRECOMPILE_PREFIX_HEADER = YES;
				GCC_PREFIX_HEADER = "Man's Best Friend/Man's Best Friend-Prefix.pch";
				INFOPLIST_FILE = "Man's Best Friend/Man's Best Friend-Info.plist";
				PRODUCT_NAME = "$(TARGET_NAME)";
				WRAPPER_EXTENSION = app;
			};
			name = Release;
		};
		065BB8D61A126A670017D8CD /* Debug */ = {
			isa = XCBuildConfiguration;
			buildSettings = {
				BUNDLE_LOADER = "$(BUILT_PRODUCTS_DIR)/Man's Best Friend.app/Man's Best Friend";
				FRAMEWORK_SEARCH_PATHS = (
					"$(SDKROOT)/Developer/Library/Frameworks",
					"$(inherited)",
					"$(DEVELOPER_FRAMEWORKS_DIR)",
				);
				GCC_PRECOMPILE_PREFIX_HEADER = YES;
				GCC_PREFIX_HEADER = "Man's Best Friend/Man's Best Friend-Prefix.pch";
				GCC_PREPROCESSOR_DEFINITIONS = (
					"DEBUG=1",
					"$(inherited)",
				);
				INFOPLIST_FILE = "Man's Best FriendTests/Man's Best FriendTests-Info.plist";
				PRODUCT_NAME = "$(TARGET_NAME)";
				TEST_HOST = "$(BUNDLE_LOADER)";
				WRAPPER_EXTENSION = xctest;
			};
			name = Debug;
		};
		065BB8D71A126A670017D8CD /* Release */ = {
			isa = XCBuildConfiguration;
			buildSettings = {
				BUNDLE_LOADER = "$(BUILT_PRODUCTS_DIR)/Man's Best Friend.app/Man's Best Friend";
				FRAMEWORK_SEARCH_PATHS = (
					"$(SDKROOT)/Developer/Library/Frameworks",
					"$(inherited)",
					"$(DEVELOPER_FRAMEWORKS_DIR)",
				);
				GCC_PRECOMPILE_PREFIX_HEADER = YES;
				GCC_PREFIX_HEADER = "Man's Best Friend/Man's Best Friend-Prefix.pch";
				INFOPLIST_FILE = "Man's Best FriendTests/Man's Best FriendTests-Info.plist";
				PRODUCT_NAME = "$(TARGET_NAME)";
				TEST_HOST = "$(BUNDLE_LOADER)";
				WRAPPER_EXTENSION = xctest;
			};
			name = Release;
		};
/* End XCBuildConfiguration section */

/* Begin XCConfigurationList section */
		065BB89B1A126A660017D8CD /* Build configuration list for PBXProject "Man's Best Friend" */ = {
			isa = XCConfigurationList;
			buildConfigurations = (
				065BB8D01A126A670017D8CD /* Debug */,
				065BB8D11A126A670017D8CD /* Release */,
			);
			defaultConfigurationIsVisible = 0;
			defaultConfigurationName = Release;
		};
		065BB8D21A126A670017D8CD /* Build configuration list for PBXNativeTarget "Man's Best Friend" */ = {
			isa = XCConfigurationList;
			buildConfigurations = (
				065BB8D31A126A670017D8CD /* Debug */,
				065BB8D41A126A670017D8CD /* Release */,
			);
			defaultConfigurationIsVisible = 0;
			defaultConfigurationName = Release;
		};
		065BB8D51A126A670017D8CD /* Build configuration list for PBXNativeTarget "Man's Best FriendTests" */ = {
			isa = XCConfigurationList;
			buildConfigurations = (
				065BB8D61A126A670017D8CD /* Debug */,
				065BB8D71A126A670017D8CD /* Release */,
			);
			defaultConfigurationIsVisible = 0;
			defaultConfigurationName = Release;
		};
/* End XCConfigurationList section */
	};
	rootObject = 065BB8981A126A660017D8CD /* Project object */;
}
